
Microsoft Visual Studio Solution File, Format Version 12.00
# Visual Studio Version 17
VisualStudioVersion = 17.0.31903.59
MinimumVisualStudioVersion = 10.0.40219.1
Project("{2150E333-8FDC-42A3-9474-1A3956D46DE8}") = "src", "src", "{827E0CD3-B72D-47B6-A68D-7590B98EB39B}"
EndProject
Project("{FAE04EC0-301F-11D3-BF4B-00C04F79EFBC}") = "Aura.Api", "src\Aura.Api\Aura.Api.csproj", "{011CD73A-1D7C-41D8-BD77-E57F3D7842BF}"
EndProject
Project("{FAE04EC0-301F-11D3-BF4B-00C04F79EFBC}") = "Aura.Application", "src\Aura.Application\Aura.Application.csproj", "{C58A72F9-6400-4157-9D34-696FBBDDF8F5}"
EndProject
Project("{FAE04EC0-301F-11D3-BF4B-00C04F79EFBC}") = "Aura.Domain", "src\Aura.Domain\Aura.Domain.csproj", "{DA789FFB-FAF8-4D4F-8671-925C487CEEEF}"
EndProject
Project("{FAE04EC0-301F-11D3-BF4B-00C04F79EFBC}") = "Aura.Infrastructure", "src\Aura.Infrastructure\Aura.Infrastructure.csproj", "{C5825EB9-039F-4813-830E-3D95AAB55CAC}"
EndProject
Project("{FAE04EC0-301F-11D3-BF4B-00C04F79EFBC}") = "Aura.Workers", "src\Aura.Workers\Aura.Workers.csproj", "{3E42B780-4BB5-4100-96D7-612A98174A21}"
EndProject
Project("{FAE04EC0-301F-11D3-BF4B-00C04F79EFBC}") = "Aura.UnitTests", "tests\Aura.UnitTests\Aura.UnitTests.csproj", "{BB07C701-6FF8-4891-A039-46DACE5A1CAF}"
EndProject
Project("{FAE04EC0-301F-11D3-BF4B-00C04F79EFBC}") = "Aura.IntegrationTests", "tests\Aura.IntegrationTests\Aura.IntegrationTests.csproj", "{82FA9BF1-2AE8-4062-BB76-098ED1BC4002}"
EndProject
Project("{FAE04EC0-301F-11D3-BF4B-00C04F79EFBC}") = "Aura.E2E", "tests\Aura.E2E\Aura.E2E.csproj", "{1734B289-AC78-46A8-A3AD-49FEBFDD6BD4}"
EndProject
Project("{FAE04EC0-301F-11D3-BF4B-00C04F79EFBC}") = "Aura.ArchitectureTests", "tests\Aura.ArchitectureTests\Aura.ArchitectureTests.csproj", "{3C633B9F-357E-4D9D-B71D-ECD6382CAE47}"
EndProject
Global
	GlobalSection(SolutionConfigurationPlatforms) = preSolution
		Debug|Any CPU = Debug|Any CPU
		Debug|x64 = Debug|x64
		Debug|x86 = Debug|x86
		Release|Any CPU = Release|Any CPU
		Release|x64 = Release|x64
		Release|x86 = Release|x86
	EndGlobalSection
	GlobalSection(ProjectConfigurationPlatforms) = postSolution
		{011CD73A-1D7C-41D8-BD77-E57F3D7842BF}.Debug|Any CPU.ActiveCfg = Debug|Any CPU
		{011CD73A-1D7C-41D8-BD77-E57F3D7842BF}.Debug|Any CPU.Build.0 = Debug|Any CPU
		{011CD73A-1D7C-41D8-BD77-E57F3D7842BF}.Debug|x64.ActiveCfg = Debug|Any CPU
		{011CD73A-1D7C-41D8-BD77-E57F3D7842BF}.Debug|x64.Build.0 = Debug|Any CPU
		{011CD73A-1D7C-41D8-BD77-E57F3D7842BF}.Debug|x86.ActiveCfg = Debug|Any CPU
		{011CD73A-1D7C-41D8-BD77-E57F3D7842BF}.Debug|x86.Build.0 = Debug|Any CPU
		{011CD73A-1D7C-41D8-BD77-E57F3D7842BF}.Release|Any CPU.ActiveCfg = Release|Any CPU
		{011CD73A-1D7C-41D8-BD77-E57F3D7842BF}.Release|Any CPU.Build.0 = Release|Any CPU
		{011CD73A-1D7C-41D8-BD77-E57F3D7842BF}.Release|x64.ActiveCfg = Release|Any CPU
		{011CD73A-1D7C-41D8-BD77-E57F3D7842BF}.Release|x64.Build.0 = Release|Any CPU
		{011CD73A-1D7C-41D8-BD77-E57F3D7842BF}.Release|x86.ActiveCfg = Release|Any CPU
		{011CD73A-1D7C-41D8-BD77-E57F3D7842BF}.Release|x86.Build.0 = Release|Any CPU
		{C58A72F9-6400-4157-9D34-696FBBDDF8F5}.Debug|Any CPU.ActiveCfg = Debug|Any CPU
		{C58A72F9-6400-4157-9D34-696FBBDDF8F5}.Debug|Any CPU.Build.0 = Debug|Any CPU
		{C58A72F9-6400-4157-9D34-696FBBDDF8F5}.Debug|x64.ActiveCfg = Debug|Any CPU
		{C58A72F9-6400-4157-9D34-696FBBDDF8F5}.Debug|x64.Build.0 = Debug|Any CPU
		{C58A72F9-6400-4157-9D34-696FBBDDF8F5}.Debug|x86.ActiveCfg = Debug|Any CPU
		{C58A72F9-6400-4157-9D34-696FBBDDF8F5}.Debug|x86.Build.0 = Debug|Any CPU
		{C58A72F9-6400-4157-9D34-696FBBDDF8F5}.Release|Any CPU.ActiveCfg = Release|Any CPU
		{C58A72F9-6400-4157-9D34-696FBBDDF8F5}.Release|Any CPU.Build.0 = Release|Any CPU
		{C58A72F9-6400-4157-9D34-696FBBDDF8F5}.Release|x64.ActiveCfg = Release|Any CPU
		{C58A72F9-6400-4157-9D34-696FBBDDF8F5}.Release|x64.Build.0 = Release|Any CPU
		{C58A72F9-6400-4157-9D34-696FBBDDF8F5}.Release|x86.ActiveCfg = Release|Any CPU
		{C58A72F9-6400-4157-9D34-696FBBDDF8F5}.Release|x86.Build.0 = Release|Any CPU
		{DA789FFB-FAF8-4D4F-8671-925C487CEEEF}.Debug|Any CPU.ActiveCfg = Debug|Any CPU
		{DA789FFB-FAF8-4D4F-8671-925C487CEEEF}.Debug|Any CPU.Build.0 = Debug|Any CPU
		{DA789FFB-FAF8-4D4F-8671-925C487CEEEF}.Debug|x64.ActiveCfg = Debug|Any CPU
		{DA789FFB-FAF8-4D4F-8671-925C487CEEEF}.Debug|x64.Build.0 = Debug|Any CPU
		{DA789FFB-FAF8-4D4F-8671-925C487CEEEF}.Debug|x86.ActiveCfg = Debug|Any CPU
		{DA789FFB-FAF8-4D4F-8671-925C487CEEEF}.Debug|x86.Build.0 = Debug|Any CPU
		{DA789FFB-FAF8-4D4F-8671-925C487CEEEF}.Release|Any CPU.ActiveCfg = Release|Any CPU
		{DA789FFB-FAF8-4D4F-8671-925C487CEEEF}.Release|Any CPU.Build.0 = Release|Any CPU
		{DA789FFB-FAF8-4D4F-8671-925C487CEEEF}.Release|x64.ActiveCfg = Release|Any CPU
		{DA789FFB-FAF8-4D4F-8671-925C487CEEEF}.Release|x64.Build.0 = Release|Any CPU
		{DA789FFB-FAF8-4D4F-8671-925C487CEEEF}.Release|x86.ActiveCfg = Release|Any CPU
		{DA789FFB-FAF8-4D4F-8671-925C487CEEEF}.Release|x86.Build.0 = Release|Any CPU
		{C5825EB9-039F-4813-830E-3D95AAB55CAC}.Debug|Any CPU.ActiveCfg = Debug|Any CPU
		{C5825EB9-039F-4813-830E-3D95AAB55CAC}.Debug|Any CPU.Build.0 = Debug|Any CPU
		{C5825EB9-039F-4813-830E-3D95AAB55CAC}.Debug|x64.ActiveCfg = Debug|Any CPU
		{C5825EB9-039F-4813-830E-3D95AAB55CAC}.Debug|x64.Build.0 = Debug|Any CPU
		{C5825EB9-039F-4813-830E-3D95AAB55CAC}.Debug|x86.ActiveCfg = Debug|Any CPU
		{C5825EB9-039F-4813-830E-3D95AAB55CAC}.Debug|x86.Build.0 = Debug|Any CPU
		{C5825EB9-039F-4813-830E-3D95AAB55CAC}.Release|Any CPU.ActiveCfg = Release|Any CPU
		{C5825EB9-039F-4813-830E-3D95AAB55CAC}.Release|Any CPU.Build.0 = Release|Any CPU
		{C5825EB9-039F-4813-830E-3D95AAB55CAC}.Release|x64.ActiveCfg = Release|Any CPU
		{C5825EB9-039F-4813-830E-3D95AAB55CAC}.Release|x64.Build.0 = Release|Any CPU
		{C5825EB9-039F-4813-830E-3D95AAB55CAC}.Release|x86.ActiveCfg = Release|Any CPU
		{C5825EB9-039F-4813-830E-3D95AAB55CAC}.Release|x86.Build.0 = Release|Any CPU
		{3E42B780-4BB5-4100-96D7-612A98174A21}.Debug|Any CPU.ActiveCfg = Debug|Any CPU
		{3E42B780-4BB5-4100-96D7-612A98174A21}.Debug|Any CPU.Build.0 = Debug|Any CPU
		{3E42B780-4BB5-4100-96D7-612A98174A21}.Debug|x64.ActiveCfg = Debug|Any CPU
		{3E42B780-4BB5-4100-96D7-612A98174A21}.Debug|x64.Build.0 = Debug|Any CPU
		{3E42B780-4BB5-4100-96D7-612A98174A21}.Debug|x86.ActiveCfg = Debug|Any CPU
		{3E42B780-4BB5-4100-96D7-612A98174A21}.Debug|x86.Build.0 = Debug|Any CPU
		{3E42B780-4BB5-4100-96D7-612A98174A21}.Release|Any CPU.ActiveCfg = Release|Any CPU
		{3E42B780-4BB5-4100-96D7-612A98174A21}.Release|Any CPU.Build.0 = Release|Any CPU
		{3E42B780-4BB5-4100-96D7-612A98174A21}.Release|x64.ActiveCfg = Release|Any CPU
		{3E42B780-4BB5-4100-96D7-612A98174A21}.Release|x64.Build.0 = Release|Any CPU
		{3E42B780-4BB5-4100-96D7-612A98174A21}.Release|x86.ActiveCfg = Release|Any CPU
		{3E42B780-4BB5-4100-96D7-612A98174A21}.Release|x86.Build.0 = Release|Any CPU
		{BB07C701-6FF8-4891-A039-46DACE5A1CAF}.Debug|Any CPU.ActiveCfg = Debug|Any CPU
		{BB07C701-6FF8-4891-A039-46DACE5A1CAF}.Debug|Any CPU.Build.0 = Debug|Any CPU
		{BB07C701-6FF8-4891-A039-46DACE5A1CAF}.Debug|x64.ActiveCfg = Debug|Any CPU
		{BB07C701-6FF8-4891-A039-46DACE5A1CAF}.Debug|x64.Build.0 = Debug|Any CPU
		{BB07C701-6FF8-4891-A039-46DACE5A1CAF}.Debug|x86.ActiveCfg = Debug|Any CPU
		{BB07C701-6FF8-4891-A039-46DACE5A1CAF}.Debug|x86.Build.0 = Debug|Any CPU
		{BB07C701-6FF8-4891-A039-46DACE5A1CAF}.Release|Any CPU.ActiveCfg = Release|Any CPU
		{BB07C701-6FF8-4891-A039-46DACE5A1CAF}.Release|Any CPU.Build.0 = Release|Any CPU
		{BB07C701-6FF8-4891-A039-46DACE5A1CAF}.Release|x64.ActiveCfg = Release|Any CPU
		{BB07C701-6FF8-4891-A039-46DACE5A1CAF}.Release|x64.Build.0 = Release|Any CPU
		{BB07C701-6FF8-4891-A039-46DACE5A1CAF}.Release|x86.ActiveCfg = Release|Any CPU
		{BB07C701-6FF8-4891-A039-46DACE5A1CAF}.Release|x86.Build.0 = Release|Any CPU
		{82FA9BF1-2AE8-4062-BB76-098ED1BC4002}.Debug|Any CPU.ActiveCfg = Debug|Any CPU
		{82FA9BF1-2AE8-4062-BB76-098ED1BC4002}.Debug|Any CPU.Build.0 = Debug|Any CPU
		{82FA9BF1-2AE8-4062-BB76-098ED1BC4002}.Debug|x64.ActiveCfg = Debug|Any CPU
		{82FA9BF1-2AE8-4062-BB76-098ED1BC4002}.Debug|x64.Build.0 = Debug|Any CPU
		{82FA9BF1-2AE8-4062-BB76-098ED1BC4002}.Debug|x86.ActiveCfg = Debug|Any CPU
		{82FA9BF1-2AE8-4062-BB76-098ED1BC4002}.Debug|x86.Build.0 = Debug|Any CPU
		{82FA9BF1-2AE8-4062-BB76-098ED1BC4002}.Release|Any CPU.ActiveCfg = Release|Any CPU
		{82FA9BF1-2AE8-4062-BB76-098ED1BC4002}.Release|Any CPU.Build.0 = Release|Any CPU
		{82FA9BF1-2AE8-4062-BB76-098ED1BC4002}.Release|x64.ActiveCfg = Release|Any CPU
		{82FA9BF1-2AE8-4062-BB76-098ED1BC4002}.Release|x64.Build.0 = Release|Any CPU
		{82FA9BF1-2AE8-4062-BB76-098ED1BC4002}.Release|x86.ActiveCfg = Release|Any CPU
		{82FA9BF1-2AE8-4062-BB76-098ED1BC4002}.Release|x86.Build.0 = Release|Any CPU
		{1734B289-AC78-46A8-A3AD-49FEBFDD6BD4}.Debug|Any CPU.ActiveCfg = Debug|Any CPU
		{1734B289-AC78-46A8-A3AD-49FEBFDD6BD4}.Debug|Any CPU.Build.0 = Debug|Any CPU
		{1734B289-AC78-46A8-A3AD-49FEBFDD6BD4}.Debug|x64.ActiveCfg = Debug|Any CPU
		{1734B289-AC78-46A8-A3AD-49FEBFDD6BD4}.Debug|x64.Build.0 = Debug|Any CPU
		{1734B289-AC78-46A8-A3AD-49FEBFDD6BD4}.Debug|x86.ActiveCfg = Debug|Any CPU
		{1734B289-AC78-46A8-A3AD-49FEBFDD6BD4}.Debug|x86.Build.0 = Debug|Any CPU
		{1734B289-AC78-46A8-A3AD-49FEBFDD6BD4}.Release|Any CPU.ActiveCfg = Release|Any CPU
		{1734B289-AC78-46A8-A3AD-49FEBFDD6BD4}.Release|Any CPU.Build.0 = Release|Any CPU
		{1734B289-AC78-46A8-A3AD-49FEBFDD6BD4}.Release|x64.ActiveCfg = Release|Any CPU
		{1734B289-AC78-46A8-A3AD-49FEBFDD6BD4}.Release|x64.Build.0 = Release|Any CPU
		{1734B289-AC78-46A8-A3AD-49FEBFDD6BD4}.Release|x86.ActiveCfg = Release|Any CPU
		{1734B289-AC78-46A8-A3AD-49FEBFDD6BD4}.Release|x86.Build.0 = Release|Any CPU
		{3C633B9F-357E-4D9D-B71D-ECD6382CAE47}.Debug|Any CPU.ActiveCfg = Debug|Any CPU
		{3C633B9F-357E-4D9D-B71D-ECD6382CAE47}.Debug|Any CPU.Build.0 = Debug|Any CPU
		{3C633B9F-357E-4D9D-B71D-ECD6382CAE47}.Debug|x64.ActiveCfg = Debug|Any CPU
		{3C633B9F-357E-4D9D-B71D-ECD6382CAE47}.Debug|x64.Build.0 = Debug|Any CPU
		{3C633B9F-357E-4D9D-B71D-ECD6382CAE47}.Debug|x86.ActiveCfg = Debug|Any CPU
		{3C633B9F-357E-4D9D-B71D-ECD6382CAE47}.Debug|x86.Build.0 = Debug|Any CPU
		{3C633B9F-357E-4D9D-B71D-ECD6382CAE47}.Release|Any CPU.ActiveCfg = Release|Any CPU
		{3C633B9F-357E-4D9D-B71D-ECD6382CAE47}.Release|Any CPU.Build.0 = Release|Any CPU
		{3C633B9F-357E-4D9D-B71D-ECD6382CAE47}.Release|x64.ActiveCfg = Release|Any CPU
		{3C633B9F-357E-4D9D-B71D-ECD6382CAE47}.Release|x64.Build.0 = Release|Any CPU
		{3C633B9F-357E-4D9D-B71D-ECD6382CAE47}.Release|x86.ActiveCfg = Release|Any CPU
		{3C633B9F-357E-4D9D-B71D-ECD6382CAE47}.Release|x86.Build.0 = Release|Any CPU
	EndGlobalSection
	GlobalSection(SolutionProperties) = preSolution
		HideSolutionNode = FALSE
	EndGlobalSection
	GlobalSection(NestedProjects) = preSolution
		{011CD73A-1D7C-41D8-BD77-E57F3D7842BF} = {827E0CD3-B72D-47B6-A68D-7590B98EB39B}
		{C58A72F9-6400-4157-9D34-696FBBDDF8F5} = {827E0CD3-B72D-47B6-A68D-7590B98EB39B}
		{DA789FFB-FAF8-4D4F-8671-925C487CEEEF} = {827E0CD3-B72D-47B6-A68D-7590B98EB39B}
		{C5825EB9-039F-4813-830E-3D95AAB55CAC} = {827E0CD3-B72D-47B6-A68D-7590B98EB39B}
		{3E42B780-4BB5-4100-96D7-612A98174A21} = {827E0CD3-B72D-47B6-A68D-7590B98EB39B}
		{BB07C701-6FF8-4891-A039-46DACE5A1CAF} = {827E0CD3-B72D-47B6-A68D-7590B98EB39B}
		{82FA9BF1-2AE8-4062-BB76-098ED1BC4002} = {827E0CD3-B72D-47B6-A68D-7590B98EB39B}
		{1734B289-AC78-46A8-A3AD-49FEBFDD6BD4} = {827E0CD3-B72D-47B6-A68D-7590B98EB39B}
		{3C633B9F-357E-4D9D-B71D-ECD6382CAE47} = {827E0CD3-B72D-47B6-A68D-7590B98EB39B}
	EndGlobalSection
EndGlobal
